
Microsoft Visual Studio Solution File, Format Version 12.00
# Visual Studio Version 17
VisualStudioVersion = 17.7.34031.279
MinimumVisualStudioVersion = 10.0.40219.1
Project("{FAE04EC0-301F-11D3-BF4B-00C04F79EFBC}") = "PokemonReviewApp", "PokemonReviewApp\PokemonReviewApp.csproj", "{0EF95628-2DB9-476B-8D6F-DF91BC8F8AD3}"
EndProject
Global
	GlobalSection(SolutionConfigurationPlatforms) = preSolution
		Debug|Any CPU = Debug|Any CPU
		Release|Any CPU = Release|Any CPU
	EndGlobalSection
	GlobalSection(ProjectConfigurationPlatforms) = postSolution
		{0EF95628-2DB9-476B-8D6F-DF91BC8F8AD3}.Debug|Any CPU.ActiveCfg = Debug|Any CPU
		{0EF95628-2DB9-476B-8D6F-DF91BC8F8AD3}.Debug|Any CPU.Build.0 = Debug|Any CPU
		{0EF95628-2DB9-476B-8D6F-DF91BC8F8AD3}.Release|Any CPU.ActiveCfg = Release|Any CPU
		{0EF95628-2DB9-476B-8D6F-DF91BC8F8AD3}.Release|Any CPU.Build.0 = Release|Any CPU
	EndGlobalSection
	GlobalSection(SolutionProperties) = preSolution
		HideSolutionNode = FALSE
	EndGlobalSection
	GlobalSection(ExtensibilityGlobals) = postSolution
		SolutionGuid = {413977CD-FE9D-4252-85F9-EA3EB0CA6891}
	EndGlobalSection
EndGlobal
